# THIS IS AN AUTOGENERATED FILE. DO NOT EDIT THIS FILE DIRECTLY.
# yarn lockfile v1


array-ify@^1.0.0:
  version "1.0.0"
  resolved "https://registry.npm.taobao.org/array-ify/download/array-ify-1.0.0.tgz#9e528762b4a9066ad163a6962a364418e9626ece"
  integrity sha1-nlKHYrSpBmrRY6aWKjZEGOlibs4=

compare-func@^2.0.0:
  version "2.0.0"
  resolved "https://registry.npm.taobao.org/compare-func/download/compare-func-2.0.0.tgz#fb65e75edbddfd2e568554e8b5b05fff7a51fcb3"
  integrity sha1-+2XnXtvd/S5WhVTotbBf/3pR/LM=
  dependencies:
    array-ify "^1.0.0"
    dot-prop "^5.1.0"

conventional-changelog-conventionalcommits@^4.5.0:
  version "4.6.0"
  resolved "https://registry.nlark.com/conventional-changelog-conventionalcommits/download/conventional-changelog-conventionalcommits-4.6.0.tgz#7fc17211dbca160acf24687bd2fdd5fd767750eb"
  integrity sha1-f8FyEdvKFgrPJGh70v3V/XZ3UOs=
  dependencies:
    compare-func "^2.0.0"
    lodash "^4.17.15"
    q "^1.5.1"

dot-prop@^5.1.0:
  version "5.3.0"
  resolved "https://registry.npm.taobao.org/dot-prop/download/dot-prop-5.3.0.tgz#90ccce708cd9cd82cc4dc8c3ddd9abdd55b20e88"
  integrity sha1-kMzOcIzZzYLMTcjD3dmr3VWyDog=
  dependencies:
    is-obj "^2.0.0"

is-obj@^2.0.0:
  version "2.0.0"
  resolved "https://registry.npm.taobao.org/is-obj/download/is-obj-2.0.0.tgz#473fb05d973705e3fd9620545018ca8e22ef4982"
  integrity sha1-Rz+wXZc3BeP9liBUUBjKjiLvSYI=

lodash@^4.17.15:
  version "4.17.21"
  resolved "https://registry.npm.taobao.org/lodash/download/lodash-4.17.21.tgz#679591c564c3bffaae8454cf0b3df370c3d6911c"
  integrity sha1-Z5WRxWTDv/quhFTPCz3zcMPWkRw=

q@^1.5.1:
  version "1.5.1"
  resolved "https://registry.npm.taobao.org/q/download/q-1.5.1.tgz#7e32f75b41381291d04611f1bf14109ac00651d7"
  integrity sha1-fjL3W0E4EpHQRhHxvxQQmsAGUdc=
